
Microsoft Visual Studio Solution File, Format Version 12.00
# Visual Studio Version 16
VisualStudioVersion = 16.0.31402.337
MinimumVisualStudioVersion = 10.0.40219.1
Project("{FAE04EC0-301F-11D3-BF4B-00C04F79EFBC}") = "SodaMachineTests", "SodaMachineTests\SodaMachineTests.csproj", "{D6169D04-66D9-4E22-BF56-CC4E8F351862}"
EndProject
Project("{9A19103F-16F7-4668-BE54-9A1E7A4F7556}") = "SodaMachine", "SodaMachine\SodaMachine.csproj", "{851B64A6-87AE-4CE9-9BC3-09E8F011DFD4}"
EndProject
Global
	GlobalSection(SolutionConfigurationPlatforms) = preSolution
		Debug|Any CPU = Debug|Any CPU
		Release|Any CPU = Release|Any CPU
	EndGlobalSection
	GlobalSection(ProjectConfigurationPlatforms) = postSolution
		{D6169D04-66D9-4E22-BF56-CC4E8F351862}.Debug|Any CPU.ActiveCfg = Debug|Any CPU
		{D6169D04-66D9-4E22-BF56-CC4E8F351862}.Debug|Any CPU.Build.0 = Debug|Any CPU
		{D6169D04-66D9-4E22-BF56-CC4E8F351862}.Release|Any CPU.ActiveCfg = Release|Any CPU
		{D6169D04-66D9-4E22-BF56-CC4E8F351862}.Release|Any CPU.Build.0 = Release|Any CPU
		{851B64A6-87AE-4CE9-9BC3-09E8F011DFD4}.Debug|Any CPU.ActiveCfg = Debug|Any CPU
		{851B64A6-87AE-4CE9-9BC3-09E8F011DFD4}.Debug|Any CPU.Build.0 = Debug|Any CPU
		{851B64A6-87AE-4CE9-9BC3-09E8F011DFD4}.Release|Any CPU.ActiveCfg = Release|Any CPU
		{851B64A6-87AE-4CE9-9BC3-09E8F011DFD4}.Release|Any CPU.Build.0 = Release|Any CPU
	EndGlobalSection
	GlobalSection(SolutionProperties) = preSolution
		HideSolutionNode = FALSE
	EndGlobalSection
	GlobalSection(ExtensibilityGlobals) = postSolution
		SolutionGuid = {DA29480C-D5BD-41C1-8D7C-BE4770290104}
	EndGlobalSection
EndGlobal
